
Microsoft Visual Studio Solution File, Format Version 12.00
# Visual Studio Version 16
VisualStudioVersion = 16.0.30320.27
MinimumVisualStudioVersion = 10.0.40219.1
Project("{2150E333-8FDC-42A3-9474-1A3956D46DE8}") = "1. Core", "1. Core", "{0AD1C50D-40B2-4C26-B056-B23765BC7CB4}"
EndProject
Project("{2150E333-8FDC-42A3-9474-1A3956D46DE8}") = "2. Infra", "2. Infra", "{D1EA292A-0C92-4E5A-B9D7-BCBE310CBE48}"
EndProject
Project("{2150E333-8FDC-42A3-9474-1A3956D46DE8}") = "3. Endpoint", "3. Endpoint", "{850A2BC8-93DC-48E8-8031-D3A3AC83A93E}"
EndProject
Project("{FAE04EC0-301F-11D3-BF4B-00C04F79EFBC}") = "EventSourcing.Domain", "EventSourcing.Domain\EventSourcing.Domain.csproj", "{B42E4393-2450-4A15-B60F-9F045BBDF9E8}"
EndProject
Project("{FAE04EC0-301F-11D3-BF4B-00C04F79EFBC}") = "EventSourcing.DataAccess", "EventSourcing.DataAccess\EventSourcing.DataAccess.csproj", "{D0C52946-66E4-4017-B071-61F7C27C295C}"
EndProject
Project("{FAE04EC0-301F-11D3-BF4B-00C04F79EFBC}") = "EventSourcing.ApplicationService", "EventSourcing.ApplicationService\EventSourcing.ApplicationService.csproj", "{ECBF142B-5708-4FE6-923D-0CC7005649A6}"
EndProject
Project("{FAE04EC0-301F-11D3-BF4B-00C04F79EFBC}") = "EventSourcing.WebApi", "EventSourcing.WebApi\EventSourcing.WebApi.csproj", "{F7477A3B-EDEA-4AD7-A756-1E4E8C1AAC6D}"
EndProject
Project("{FAE04EC0-301F-11D3-BF4B-00C04F79EFBC}") = "EventSourcing.Abstraction", "EventSourcing.Abstraction\EventSourcing.Abstraction.csproj", "{6C6E0C2C-123B-4561-985D-B28EC47895DD}"
EndProject
Global
	GlobalSection(SolutionConfigurationPlatforms) = preSolution
		Debug|Any CPU = Debug|Any CPU
		Release|Any CPU = Release|Any CPU
	EndGlobalSection
	GlobalSection(ProjectConfigurationPlatforms) = postSolution
		{B42E4393-2450-4A15-B60F-9F045BBDF9E8}.Debug|Any CPU.ActiveCfg = Debug|Any CPU
		{B42E4393-2450-4A15-B60F-9F045BBDF9E8}.Debug|Any CPU.Build.0 = Debug|Any CPU
		{B42E4393-2450-4A15-B60F-9F045BBDF9E8}.Release|Any CPU.ActiveCfg = Release|Any CPU
		{B42E4393-2450-4A15-B60F-9F045BBDF9E8}.Release|Any CPU.Build.0 = Release|Any CPU
		{D0C52946-66E4-4017-B071-61F7C27C295C}.Debug|Any CPU.ActiveCfg = Debug|Any CPU
		{D0C52946-66E4-4017-B071-61F7C27C295C}.Debug|Any CPU.Build.0 = Debug|Any CPU
		{D0C52946-66E4-4017-B071-61F7C27C295C}.Release|Any CPU.ActiveCfg = Release|Any CPU
		{D0C52946-66E4-4017-B071-61F7C27C295C}.Release|Any CPU.Build.0 = Release|Any CPU
		{ECBF142B-5708-4FE6-923D-0CC7005649A6}.Debug|Any CPU.ActiveCfg = Debug|Any CPU
		{ECBF142B-5708-4FE6-923D-0CC7005649A6}.Debug|Any CPU.Build.0 = Debug|Any CPU
		{ECBF142B-5708-4FE6-923D-0CC7005649A6}.Release|Any CPU.ActiveCfg = Release|Any CPU
		{ECBF142B-5708-4FE6-923D-0CC7005649A6}.Release|Any CPU.Build.0 = Release|Any CPU
		{F7477A3B-EDEA-4AD7-A756-1E4E8C1AAC6D}.Debug|Any CPU.ActiveCfg = Debug|Any CPU
		{F7477A3B-EDEA-4AD7-A756-1E4E8C1AAC6D}.Debug|Any CPU.Build.0 = Debug|Any CPU
		{F7477A3B-EDEA-4AD7-A756-1E4E8C1AAC6D}.Release|Any CPU.ActiveCfg = Release|Any CPU
		{F7477A3B-EDEA-4AD7-A756-1E4E8C1AAC6D}.Release|Any CPU.Build.0 = Release|Any CPU
		{6C6E0C2C-123B-4561-985D-B28EC47895DD}.Debug|Any CPU.ActiveCfg = Debug|Any CPU
		{6C6E0C2C-123B-4561-985D-B28EC47895DD}.Debug|Any CPU.Build.0 = Debug|Any CPU
		{6C6E0C2C-123B-4561-985D-B28EC47895DD}.Release|Any CPU.ActiveCfg = Release|Any CPU
		{6C6E0C2C-123B-4561-985D-B28EC47895DD}.Release|Any CPU.Build.0 = Release|Any CPU
	EndGlobalSection
	GlobalSection(SolutionProperties) = preSolution
		HideSolutionNode = FALSE
	EndGlobalSection
	GlobalSection(NestedProjects) = preSolution
		{B42E4393-2450-4A15-B60F-9F045BBDF9E8} = {0AD1C50D-40B2-4C26-B056-B23765BC7CB4}
		{D0C52946-66E4-4017-B071-61F7C27C295C} = {D1EA292A-0C92-4E5A-B9D7-BCBE310CBE48}
		{ECBF142B-5708-4FE6-923D-0CC7005649A6} = {0AD1C50D-40B2-4C26-B056-B23765BC7CB4}
		{F7477A3B-EDEA-4AD7-A756-1E4E8C1AAC6D} = {850A2BC8-93DC-48E8-8031-D3A3AC83A93E}
		{6C6E0C2C-123B-4561-985D-B28EC47895DD} = {0AD1C50D-40B2-4C26-B056-B23765BC7CB4}
	EndGlobalSection
	GlobalSection(ExtensibilityGlobals) = postSolution
		SolutionGuid = {8B63D5F6-6E75-4E01-80E7-1D398BEDB009}
	EndGlobalSection
EndGlobal
